// !$*UTF8*$!
{
	archiveVersion = 1;
	classes = {
	};
	objectVersion = 55;
	objects = {

/* Begin PBXBuildFile section */
		1E50DC5E280620E700C26595 /* ButtonStyles.swift in Sources */ = {isa = PBXBuildFile; fileRef = 1E50DC5D280620E700C26595 /* ButtonStyles.swift */; };
		1E50DC62280627E900C26595 /* TypeOfButtons.swift in Sources */ = {isa = PBXBuildFile; fileRef = 1E50DC61280627E900C26595 /* TypeOfButtons.swift */; };
		1E67879728063BE1003BECD6 /* Museo700-Regular.ttf in Resources */ = {isa = PBXBuildFile; fileRef = 1E50DC5B2806201D00C26595 /* Museo700-Regular.ttf */; };
		1EE9FDBA2805F4C3000DAE39 /* CalculatorView.swift in Sources */ = {isa = PBXBuildFile; fileRef = 1EE9FDB92805F4C3000DAE39 /* CalculatorView.swift */; };
		1EE9FDBC2805F555000DAE39 /* DisplayView.swift in Sources */ = {isa = PBXBuildFile; fileRef = 1EE9FDBB2805F555000DAE39 /* DisplayView.swift */; };
		1EE9FDBE2805F576000DAE39 /* ButtonsView.swift in Sources */ = {isa = PBXBuildFile; fileRef = 1EE9FDBD2805F576000DAE39 /* ButtonsView.swift */; };
		1EE9FDCC2805FEAA000DAE39 /* AppFonts.swift in Sources */ = {isa = PBXBuildFile; fileRef = 1EE9FDCB2805FEAA000DAE39 /* AppFonts.swift */; };
		1EE9FDCE2805FF05000DAE39 /* DigitalNumbers-Regular.ttf in Resources */ = {isa = PBXBuildFile; fileRef = 1EE9FDCD2805FF05000DAE39 /* DigitalNumbers-Regular.ttf */; };
		1EE9FDD02805FF74000DAE39 /* Montserrat-Bold.ttf in Resources */ = {isa = PBXBuildFile; fileRef = 1EE9FDCF2805FF74000DAE39 /* Montserrat-Bold.ttf */; };
		1EE9FDD52806036E000DAE39 /* AppColor.swift in Sources */ = {isa = PBXBuildFile; fileRef = 1EE9FDD42806036E000DAE39 /* AppColor.swift */; };
		1EEE9D1A2805E4C1007CDF16 /* CalculatorApp.swift in Sources */ = {isa = PBXBuildFile; fileRef = 1EEE9D192805E4C1007CDF16 /* CalculatorApp.swift */; };
		1EEE9D1E2805E4C4007CDF16 /* Assets.xcassets in Resources */ = {isa = PBXBuildFile; fileRef = 1EEE9D1D2805E4C4007CDF16 /* Assets.xcassets */; };
		1EEE9D212805E4C4007CDF16 /* Preview Assets.xcassets in Resources */ = {isa = PBXBuildFile; fileRef = 1EEE9D202805E4C4007CDF16 /* Preview Assets.xcassets */; };
		1EEE9D2B2805E4C4007CDF16 /* CalculatorTests.swift in Sources */ = {isa = PBXBuildFile; fileRef = 1EEE9D2A2805E4C4007CDF16 /* CalculatorTests.swift */; };
		1EEE9D352805E4C4007CDF16 /* CalculatorUITests.swift in Sources */ = {isa = PBXBuildFile; fileRef = 1EEE9D342805E4C4007CDF16 /* CalculatorUITests.swift */; };
		1EEE9D372805E4C4007CDF16 /* CalculatorUITestsLaunchTests.swift in Sources */ = {isa = PBXBuildFile; fileRef = 1EEE9D362805E4C4007CDF16 /* CalculatorUITestsLaunchTests.swift */; };
/* End PBXBuildFile section */

/* Begin PBXContainerItemProxy section */
		1EEE9D272805E4C4007CDF16 /* PBXContainerItemProxy */ = {
			isa = PBXContainerItemProxy;
			containerPortal = 1EEE9D0E2805E4C1007CDF16 /* Project object */;
			proxyType = 1;
			remoteGlobalIDString = 1EEE9D152805E4C1007CDF16;
			remoteInfo = Calculator;
		};
		1EEE9D312805E4C4007CDF16 /* PBXContainerItemProxy */ = {
			isa = PBXContainerItemProxy;
			containerPortal = 1EEE9D0E2805E4C1007CDF16 /* Project object */;
			proxyType = 1;
			remoteGlobalIDString = 1EEE9D152805E4C1007CDF16;
			remoteInfo = Calculator;
		};
/* End PBXContainerItemProxy section */

/* Begin PBXFileReference section */
		1E50DC5B2806201D00C26595 /* Museo700-Regular.ttf */ = {isa = PBXFileReference; lastKnownFileType = file; path = "Museo700-Regular.ttf"; sourceTree = "<group>"; };
		1E50DC5D280620E700C26595 /* ButtonStyles.swift */ = {isa = PBXFileReference; lastKnownFileType = sourcecode.swift; path = ButtonStyles.swift; sourceTree = "<group>"; };
		1E50DC61280627E900C26595 /* TypeOfButtons.swift */ = {isa = PBXFileReference; lastKnownFileType = sourcecode.swift; path = TypeOfButtons.swift; sourceTree = "<group>"; };
		1EE9FDB92805F4C3000DAE39 /* CalculatorView.swift */ = {isa = PBXFileReference; lastKnownFileType = sourcecode.swift; path = CalculatorView.swift; sourceTree = "<group>"; };
		1EE9FDBB2805F555000DAE39 /* DisplayView.swift */ = {isa = PBXFileReference; lastKnownFileType = sourcecode.swift; path = DisplayView.swift; sourceTree = "<group>"; };
		1EE9FDBD2805F576000DAE39 /* ButtonsView.swift */ = {isa = PBXFileReference; lastKnownFileType = sourcecode.swift; path = ButtonsView.swift; sourceTree = "<group>"; };
		1EE9FDC92805FB9E000DAE39 /* Info.plist */ = {isa = PBXFileReference; lastKnownFileType = text.plist; path = Info.plist; sourceTree = "<group>"; };
		1EE9FDCB2805FEAA000DAE39 /* AppFonts.swift */ = {isa = PBXFileReference; lastKnownFileType = sourcecode.swift; path = AppFonts.swift; sourceTree = "<group>"; };
		1EE9FDCD2805FF05000DAE39 /* DigitalNumbers-Regular.ttf */ = {isa = PBXFileReference; lastKnownFileType = file; path = "DigitalNumbers-Regular.ttf"; sourceTree = "<group>"; };
		1EE9FDCF2805FF74000DAE39 /* Montserrat-Bold.ttf */ = {isa = PBXFileReference; lastKnownFileType = file; path = "Montserrat-Bold.ttf"; sourceTree = "<group>"; };
		1EE9FDD42806036E000DAE39 /* AppColor.swift */ = {isa = PBXFileReference; lastKnownFileType = sourcecode.swift; path = AppColor.swift; sourceTree = "<group>"; };
		1EEE9D162805E4C1007CDF16 /* Calculator.app */ = {isa = PBXFileReference; explicitFileType = wrapper.application; includeInIndex = 0; path = Calculator.app; sourceTree = BUILT_PRODUCTS_DIR; };
		1EEE9D192805E4C1007CDF16 /* CalculatorApp.swift */ = {isa = PBXFileReference; lastKnownFileType = sourcecode.swift; path = CalculatorApp.swift; sourceTree = "<group>"; };
		1EEE9D1D2805E4C4007CDF16 /* Assets.xcassets */ = {isa = PBXFileReference; lastKnownFileType = folder.assetcatalog; path = Assets.xcassets; sourceTree = "<group>"; };
		1EEE9D202805E4C4007CDF16 /* Preview Assets.xcassets */ = {isa = PBXFileReference; lastKnownFileType = folder.assetcatalog; path = "Preview Assets.xcassets"; sourceTree = "<group>"; };
		1EEE9D262805E4C4007CDF16 /* CalculatorTests.xctest */ = {isa = PBXFileReference; explicitFileType = wrapper.cfbundle; includeInIndex = 0; path = CalculatorTests.xctest; sourceTree = BUILT_PRODUCTS_DIR; };
		1EEE9D2A2805E4C4007CDF16 /* CalculatorTests.swift */ = {isa = PBXFileReference; lastKnownFileType = sourcecode.swift; path = CalculatorTests.swift; sourceTree = "<group>"; };
		1EEE9D302805E4C4007CDF16 /* CalculatorUITests.xctest */ = {isa = PBXFileReference; explicitFileType = wrapper.cfbundle; includeInIndex = 0; path = CalculatorUITests.xctest; sourceTree = BUILT_PRODUCTS_DIR; };
		1EEE9D342805E4C4007CDF16 /* CalculatorUITests.swift */ = {isa = PBXFileReference; lastKnownFileType = sourcecode.swift; path = CalculatorUITests.swift; sourceTree = "<group>"; };
		1EEE9D362805E4C4007CDF16 /* CalculatorUITestsLaunchTests.swift */ = {isa = PBXFileReference; lastKnownFileType = sourcecode.swift; path = CalculatorUITestsLaunchTests.swift; sourceTree = "<group>"; };
/* End PBXFileReference section */

/* Begin PBXFrameworksBuildPhase section */
		1EEE9D132805E4C1007CDF16 /* Frameworks */ = {
			isa = PBXFrameworksBuildPhase;
			buildActionMask = 2147483647;
			files = (
			);
			runOnlyForDeploymentPostprocessing = 0;
		};
		1EEE9D232805E4C4007CDF16 /* Frameworks */ = {
			isa = PBXFrameworksBuildPhase;
			buildActionMask = 2147483647;
			files = (
			);
			runOnlyForDeploymentPostprocessing = 0;
		};
		1EEE9D2D2805E4C4007CDF16 /* Frameworks */ = {
			isa = PBXFrameworksBuildPhase;
			buildActionMask = 2147483647;
			files = (
			);
			runOnlyForDeploymentPostprocessing = 0;
		};
/* End PBXFrameworksBuildPhase section */

/* Begin PBXGroup section */
		1EE9FDBF2805F57D000DAE39 /* View */ = {
			isa = PBXGroup;
			children = (
				1EE9FDB92805F4C3000DAE39 /* CalculatorView.swift */,
				1EE9FDBB2805F555000DAE39 /* DisplayView.swift */,
				1EE9FDBD2805F576000DAE39 /* ButtonsView.swift */,
			);
			path = View;
			sourceTree = "<group>";
		};
		1EE9FDC02805F593000DAE39 /* ViewModal */ = {
			isa = PBXGroup;
			children = (
			);
			path = ViewModal;
			sourceTree = "<group>";
		};
		1EE9FDC12805F59E000DAE39 /* Modal */ = {
			isa = PBXGroup;
			children = (
				1E50DC61280627E900C26595 /* TypeOfButtons.swift */,
			);
			path = Modal;
			sourceTree = "<group>";
		};
		1EE9FDC62805FB4B000DAE39 /* Fonts */ = {
			isa = PBXGroup;
			children = (
				1E50DC5B2806201D00C26595 /* Museo700-Regular.ttf */,
				1EE9FDCF2805FF74000DAE39 /* Montserrat-Bold.ttf */,
				1EE9FDCD2805FF05000DAE39 /* DigitalNumbers-Regular.ttf */,
			);
			path = Fonts;
			sourceTree = "<group>";
		};
		1EE9FDD32806035A000DAE39 /* Resourse */ = {
			isa = PBXGroup;
			children = (
				1EE9FDCB2805FEAA000DAE39 /* AppFonts.swift */,
				1EE9FDD42806036E000DAE39 /* AppColor.swift */,
				1E50DC5D280620E700C26595 /* ButtonStyles.swift */,
			);
			path = Resourse;
			sourceTree = "<group>";
		};
		1EEE9D0D2805E4C1007CDF16 = {
			isa = PBXGroup;
			children = (
				1EEE9D182805E4C1007CDF16 /* Calculator */,
				1EEE9D292805E4C4007CDF16 /* CalculatorTests */,
				1EEE9D332805E4C4007CDF16 /* CalculatorUITests */,
				1EEE9D172805E4C1007CDF16 /* Products */,
			);
			sourceTree = "<group>";
		};
		1EEE9D172805E4C1007CDF16 /* Products */ = {
			isa = PBXGroup;
			children = (
				1EEE9D162805E4C1007CDF16 /* Calculator.app */,
				1EEE9D262805E4C4007CDF16 /* CalculatorTests.xctest */,
				1EEE9D302805E4C4007CDF16 /* CalculatorUITests.xctest */,
			);
			name = Products;
			sourceTree = "<group>";
		};
		1EEE9D182805E4C1007CDF16 /* Calculator */ = {
			isa = PBXGroup;
			children = (
				1EEE9D192805E4C1007CDF16 /* CalculatorApp.swift */,
				1EE9FDBF2805F57D000DAE39 /* View */,
				1EE9FDC02805F593000DAE39 /* ViewModal */,
				1EE9FDC12805F59E000DAE39 /* Modal */,
				1EE9FDC62805FB4B000DAE39 /* Fonts */,
				1EE9FDD32806035A000DAE39 /* Resourse */,
				1EE9FDC92805FB9E000DAE39 /* Info.plist */,
				1EEE9D1D2805E4C4007CDF16 /* Assets.xcassets */,
				1EEE9D1F2805E4C4007CDF16 /* Preview Content */,
			);
			path = Calculator;
			sourceTree = "<group>";
		};
		1EEE9D1F2805E4C4007CDF16 /* Preview Content */ = {
			isa = PBXGroup;
			children = (
				1EEE9D202805E4C4007CDF16 /* Preview Assets.xcassets */,
			);
			path = "Preview Content";
			sourceTree = "<group>";
		};
		1EEE9D292805E4C4007CDF16 /* CalculatorTests */ = {
			isa = PBXGroup;
			children = (
				1EEE9D2A2805E4C4007CDF16 /* CalculatorTests.swift */,
			);
			path = CalculatorTests;
			sourceTree = "<group>";
		};
		1EEE9D332805E4C4007CDF16 /* CalculatorUITests */ = {
			isa = PBXGroup;
			children = (
				1EEE9D342805E4C4007CDF16 /* CalculatorUITests.swift */,
				1EEE9D362805E4C4007CDF16 /* CalculatorUITestsLaunchTests.swift */,
			);
			path = CalculatorUITests;
			sourceTree = "<group>";
		};
/* End PBXGroup section */

/* Begin PBXNativeTarget section */
		1EEE9D152805E4C1007CDF16 /* Calculator */ = {
			isa = PBXNativeTarget;
			buildConfigurationList = 1EEE9D3A2805E4C4007CDF16 /* Build configuration list for PBXNativeTarget "Calculator" */;
			buildPhases = (
				1EEE9D122805E4C1007CDF16 /* Sources */,
				1EEE9D132805E4C1007CDF16 /* Frameworks */,
				1EEE9D142805E4C1007CDF16 /* Resources */,
			);
			buildRules = (
			);
			dependencies = (
			);
			name = Calculator;
			productName = Calculator;
			productReference = 1EEE9D162805E4C1007CDF16 /* Calculator.app */;
			productType = "com.apple.product-type.application";
		};
		1EEE9D252805E4C4007CDF16 /* CalculatorTests */ = {
			isa = PBXNativeTarget;
			buildConfigurationList = 1EEE9D3D2805E4C4007CDF16 /* Build configuration list for PBXNativeTarget "CalculatorTests" */;
			buildPhases = (
				1EEE9D222805E4C4007CDF16 /* Sources */,
				1EEE9D232805E4C4007CDF16 /* Frameworks */,
				1EEE9D242805E4C4007CDF16 /* Resources */,
			);
			buildRules = (
			);
			dependencies = (
				1EEE9D282805E4C4007CDF16 /* PBXTargetDependency */,
			);
			name = CalculatorTests;
			productName = CalculatorTests;
			productReference = 1EEE9D262805E4C4007CDF16 /* CalculatorTests.xctest */;
			productType = "com.apple.product-type.bundle.unit-test";
		};
		1EEE9D2F2805E4C4007CDF16 /* CalculatorUITests */ = {
			isa = PBXNativeTarget;
			buildConfigurationList = 1EEE9D402805E4C4007CDF16 /* Build configuration list for PBXNativeTarget "CalculatorUITests" */;
			buildPhases = (
				1EEE9D2C2805E4C4007CDF16 /* Sources */,
				1EEE9D2D2805E4C4007CDF16 /* Frameworks */,
				1EEE9D2E2805E4C4007CDF16 /* Resources */,
			);
			buildRules = (
			);
			dependencies = (
				1EEE9D322805E4C4007CDF16 /* PBXTargetDependency */,
			);
			name = CalculatorUITests;
			productName = CalculatorUITests;
			productReference = 1EEE9D302805E4C4007CDF16 /* CalculatorUITests.xctest */;
			productType = "com.apple.product-type.bundle.ui-testing";
		};
/* End PBXNativeTarget section */

/* Begin PBXProject section */
		1EEE9D0E2805E4C1007CDF16 /* Project object */ = {
			isa = PBXProject;
			attributes = {
				BuildIndependentTargetsInParallel = 1;
				LastSwiftUpdateCheck = 1330;
				LastUpgradeCheck = 1330;
				TargetAttributes = {
					1EEE9D152805E4C1007CDF16 = {
						CreatedOnToolsVersion = 13.3.1;
					};
					1EEE9D252805E4C4007CDF16 = {
						CreatedOnToolsVersion = 13.3.1;
						TestTargetID = 1EEE9D152805E4C1007CDF16;
					};
					1EEE9D2F2805E4C4007CDF16 = {
						CreatedOnToolsVersion = 13.3.1;
						TestTargetID = 1EEE9D152805E4C1007CDF16;
					};
				};
			};
			buildConfigurationList = 1EEE9D112805E4C1007CDF16 /* Build configuration list for PBXProject "Calculator" */;
			compatibilityVersion = "Xcode 13.0";
			developmentRegion = en;
			hasScannedForEncodings = 0;
			knownRegions = (
				en,
				Base,
			);
			mainGroup = 1EEE9D0D2805E4C1007CDF16;
			productRefGroup = 1EEE9D172805E4C1007CDF16 /* Products */;
			projectDirPath = "";
			projectRoot = "";
			targets = (
				1EEE9D152805E4C1007CDF16 /* Calculator */,
				1EEE9D252805E4C4007CDF16 /* CalculatorTests */,
				1EEE9D2F2805E4C4007CDF16 /* CalculatorUITests */,
			);
		};
/* End PBXProject section */

/* Begin PBXResourcesBuildPhase section */
		1EEE9D142805E4C1007CDF16 /* Resources */ = {
			isa = PBXResourcesBuildPhase;
			buildActionMask = 2147483647;
			files = (
				1EE9FDD02805FF74000DAE39 /* Montserrat-Bold.ttf in Resources */,
				1E67879728063BE1003BECD6 /* Museo700-Regular.ttf in Resources */,
				1EE9FDCE2805FF05000DAE39 /* DigitalNumbers-Regular.ttf in Resources */,
				1EEE9D212805E4C4007CDF16 /* Preview Assets.xcassets in Resources */,
				1EEE9D1E2805E4C4007CDF16 /* Assets.xcassets in Resources */,
			);
			runOnlyForDeploymentPostprocessing = 0;
		};
		1EEE9D242805E4C4007CDF16 /* Resources */ = {
			isa = PBXResourcesBuildPhase;
			buildActionMask = 2147483647;
			files = (
			);
			runOnlyForDeploymentPostprocessing = 0;
		};
		1EEE9D2E2805E4C4007CDF16 /* Resources */ = {
			isa = PBXResourcesBuildPhase;
			buildActionMask = 2147483647;
			files = (
			);
			runOnlyForDeploymentPostprocessing = 0;
		};
/* End PBXResourcesBuildPhase section */

/* Begin PBXSourcesBuildPhase section */
		1EEE9D122805E4C1007CDF16 /* Sources */ = {
			isa = PBXSourcesBuildPhase;
			buildActionMask = 2147483647;
			files = (
				1EE9FDBC2805F555000DAE39 /* DisplayView.swift in Sources */,
				1EE9FDCC2805FEAA000DAE39 /* AppFonts.swift in Sources */,
				1E50DC5E280620E700C26595 /* ButtonStyles.swift in Sources */,
				1EEE9D1A2805E4C1007CDF16 /* CalculatorApp.swift in Sources */,
				1E50DC62280627E900C26595 /* TypeOfButtons.swift in Sources */,
				1EE9FDBE2805F576000DAE39 /* ButtonsView.swift in Sources */,
				1EE9FDBA2805F4C3000DAE39 /* CalculatorView.swift in Sources */,
				1EE9FDD52806036E000DAE39 /* AppColor.swift in Sources */,
			);
			runOnlyForDeploymentPostprocessing = 0;
		};
		1EEE9D222805E4C4007CDF16 /* Sources */ = {
			isa = PBXSourcesBuildPhase;
			buildActionMask = 2147483647;
			files = (
				1EEE9D2B2805E4C4007CDF16 /* CalculatorTests.swift in Sources */,
			);
			runOnlyForDeploymentPostprocessing = 0;
		};
		1EEE9D2C2805E4C4007CDF16 /* Sources */ = {
			isa = PBXSourcesBuildPhase;
			buildActionMask = 2147483647;
			files = (
				1EEE9D372805E4C4007CDF16 /* CalculatorUITestsLaunchTests.swift in Sources */,
				1EEE9D352805E4C4007CDF16 /* CalculatorUITests.swift in Sources */,
			);
			runOnlyForDeploymentPostprocessing = 0;
		};
/* End PBXSourcesBuildPhase section */

/* Begin PBXTargetDependency section */
		1EEE9D282805E4C4007CDF16 /* PBXTargetDependency */ = {
			isa = PBXTargetDependency;
			target = 1EEE9D152805E4C1007CDF16 /* Calculator */;
			targetProxy = 1EEE9D272805E4C4007CDF16 /* PBXContainerItemProxy */;
		};
		1EEE9D322805E4C4007CDF16 /* PBXTargetDependency */ = {
			isa = PBXTargetDependency;
			target = 1EEE9D152805E4C1007CDF16 /* Calculator */;
			targetProxy = 1EEE9D312805E4C4007CDF16 /* PBXContainerItemProxy */;
		};
/* End PBXTargetDependency section */

/* Begin XCBuildConfiguration section */
		1EEE9D382805E4C4007CDF16 /* Debug */ = {
			isa = XCBuildConfiguration;
			buildSettings = {
				ALWAYS_SEARCH_USER_PATHS = NO;
				CLANG_ANALYZER_NONNULL = YES;
				CLANG_ANALYZER_NUMBER_OBJECT_CONVERSION = YES_AGGRESSIVE;
				CLANG_CXX_LANGUAGE_STANDARD = "gnu++17";
				CLANG_ENABLE_MODULES = YES;
				CLANG_ENABLE_OBJC_ARC = YES;
				CLANG_ENABLE_OBJC_WEAK = YES;
				CLANG_WARN_BLOCK_CAPTURE_AUTORELEASING = YES;
				CLANG_WARN_BOOL_CONVERSION = YES;
				CLANG_WARN_COMMA = YES;
				CLANG_WARN_CONSTANT_CONVERSION = YES;
				CLANG_WARN_DEPRECATED_OBJC_IMPLEMENTATIONS = YES;
				CLANG_WARN_DIRECT_OBJC_ISA_USAGE = YES_ERROR;
				CLANG_WARN_DOCUMENTATION_COMMENTS = YES;
				CLANG_WARN_EMPTY_BODY = YES;
				CLANG_WARN_ENUM_CONVERSION = YES;
				CLANG_WARN_INFINITE_RECURSION = YES;
				CLANG_WARN_INT_CONVERSION = YES;
				CLANG_WARN_NON_LITERAL_NULL_CONVERSION = YES;
				CLANG_WARN_OBJC_IMPLICIT_RETAIN_SELF = YES;
				CLANG_WARN_OBJC_LITERAL_CONVERSION = YES;
				CLANG_WARN_OBJC_ROOT_CLASS = YES_ERROR;
				CLANG_WARN_QUOTED_INCLUDE_IN_FRAMEWORK_HEADER = YES;
				CLANG_WARN_RANGE_LOOP_ANALYSIS = YES;
				CLANG_WARN_STRICT_PROTOTYPES = YES;
				CLANG_WARN_SUSPICIOUS_MOVE = YES;
				CLANG_WARN_UNGUARDED_AVAILABILITY = YES_AGGRESSIVE;
				CLANG_WARN_UNREACHABLE_CODE = YES;
				CLANG_WARN__DUPLICATE_METHOD_MATCH = YES;
				COPY_PHASE_STRIP = NO;
				DEBUG_INFORMATION_FORMAT = dwarf;
				ENABLE_STRICT_OBJC_MSGSEND = YES;
				ENABLE_TESTABILITY = YES;
				GCC_C_LANGUAGE_STANDARD = gnu11;
				GCC_DYNAMIC_NO_PIC = NO;
				GCC_NO_COMMON_BLOCKS = YES;
				GCC_OPTIMIZATION_LEVEL = 0;
				GCC_PREPROCESSOR_DEFINITIONS = (
					"DEBUG=1",
					"$(inherited)",
				);
				GCC_WARN_64_TO_32_BIT_CONVERSION = YES;
				GCC_WARN_ABOUT_RETURN_TYPE = YES_ERROR;
				GCC_WARN_UNDECLARED_SELECTOR = YES;
				GCC_WARN_UNINITIALIZED_AUTOS = YES_AGGRESSIVE;
				GCC_WARN_UNUSED_FUNCTION = YES;
				GCC_WARN_UNUSED_VARIABLE = YES;
				IPHONEOS_DEPLOYMENT_TARGET = 15.4;
				MTL_ENABLE_DEBUG_INFO = INCLUDE_SOURCE;
				MTL_FAST_MATH = YES;
				ONLY_ACTIVE_ARCH = YES;
				SDKROOT = iphoneos;
				SWIFT_ACTIVE_COMPILATION_CONDITIONS = DEBUG;
				SWIFT_OPTIMIZATION_LEVEL = "-Onone";
			};
			name = Debug;
		};
		1EEE9D392805E4C4007CDF16 /* Release */ = {
			isa = XCBuildConfiguration;
			buildSettings = {
				ALWAYS_SEARCH_USER_PATHS = NO;
				CLANG_ANALYZER_NONNULL = YES;
				CLANG_ANALYZER_NUMBER_OBJECT_CONVERSION = YES_AGGRESSIVE;
				CLANG_CXX_LANGUAGE_STANDARD = "gnu++17";
				CLANG_ENABLE_MODULES = YES;
				CLANG_ENABLE_OBJC_ARC = YES;
				CLANG_ENABLE_OBJC_WEAK = YES;
				CLANG_WARN_BLOCK_CAPTURE_AUTORELEASING = YES;
				CLANG_WARN_BOOL_CONVERSION = YES;
				CLANG_WARN_COMMA = YES;
				CLANG_WARN_CONSTANT_CONVERSION = YES;
				CLANG_WARN_DEPRECATED_OBJC_IMPLEMENTATIONS = YES;
				CLANG_WARN_DIRECT_OBJC_ISA_USAGE = YES_ERROR;
				CLANG_WARN_DOCUMENTATION_COMMENTS = YES;
				CLANG_WARN_EMPTY_BODY = YES;
				CLANG_WARN_ENUM_CONVERSION = YES;
				CLANG_WARN_INFINITE_RECURSION = YES;
				CLANG_WARN_INT_CONVERSION = YES;
				CLANG_WARN_NON_LITERAL_NULL_CONVERSION = YES;
				CLANG_WARN_OBJC_IMPLICIT_RETAIN_SELF = YES;
				CLANG_WARN_OBJC_LITERAL_CONVERSION = YES;
				CLANG_WARN_OBJC_ROOT_CLASS = YES_ERROR;
				CLANG_WARN_QUOTED_INCLUDE_IN_FRAMEWORK_HEADER = YES;
				CLANG_WARN_RANGE_LOOP_ANALYSIS = YES;
				CLANG_WARN_STRICT_PROTOTYPES = YES;
				CLANG_WARN_SUSPICIOUS_MOVE = YES;
				CLANG_WARN_UNGUARDED_AVAILABILITY = YES_AGGRESSIVE;
				CLANG_WARN_UNREACHABLE_CODE = YES;
				CLANG_WARN__DUPLICATE_METHOD_MATCH = YES;
				COPY_PHASE_STRIP = NO;
				DEBUG_INFORMATION_FORMAT = "dwarf-with-dsym";
				ENABLE_NS_ASSERTIONS = NO;
				ENABLE_STRICT_OBJC_MSGSEND = YES;
				GCC_C_LANGUAGE_STANDARD = gnu11;
				GCC_NO_COMMON_BLOCKS = YES;
				GCC_WARN_64_TO_32_BIT_CONVERSION = YES;
				GCC_WARN_ABOUT_RETURN_TYPE = YES_ERROR;
				GCC_WARN_UNDECLARED_SELECTOR = YES;
				GCC_WARN_UNINITIALIZED_AUTOS = YES_AGGRESSIVE;
				GCC_WARN_UNUSED_FUNCTION = YES;
				GCC_WARN_UNUSED_VARIABLE = YES;
				IPHONEOS_DEPLOYMENT_TARGET = 15.4;
				MTL_ENABLE_DEBUG_INFO = NO;
				MTL_FAST_MATH = YES;
				SDKROOT = iphoneos;
				SWIFT_COMPILATION_MODE = wholemodule;
				SWIFT_OPTIMIZATION_LEVEL = "-O";
				VALIDATE_PRODUCT = YES;
			};
			name = Release;
		};
		1EEE9D3B2805E4C4007CDF16 /* Debug */ = {
			isa = XCBuildConfiguration;
			buildSettings = {
				ASSETCATALOG_COMPILER_APPICON_NAME = AppIcon;
				ASSETCATALOG_COMPILER_GLOBAL_ACCENT_COLOR_NAME = AccentColor;
				CODE_SIGN_STYLE = Automatic;
				CURRENT_PROJECT_VERSION = 1;
				DEVELOPMENT_ASSET_PATHS = "\"Calculator/Preview Content\"";
				DEVELOPMENT_TEAM = 2DK6UP5TR4;
				ENABLE_PREVIEWS = YES;
				GENERATE_INFOPLIST_FILE = YES;
				INFOPLIST_FILE = Calculator/Info.plist;
				INFOPLIST_KEY_UIApplicationSceneManifest_Generation = YES;
				INFOPLIST_KEY_UIApplicationSupportsIndirectInputEvents = YES;
				INFOPLIST_KEY_UILaunchScreen_Generation = YES;
				INFOPLIST_KEY_UISupportedInterfaceOrientations_iPad = "UIInterfaceOrientationPortrait UIInterfaceOrientationPortraitUpsideDown UIInterfaceOrientationLandscapeLeft UIInterfaceOrientationLandscapeRight";
				INFOPLIST_KEY_UISupportedInterfaceOrientations_iPhone = "UIInterfaceOrientationPortrait UIInterfaceOrientationLandscapeLeft UIInterfaceOrientationLandscapeRight";
				LD_RUNPATH_SEARCH_PATHS = (
					"$(inherited)",
					"@executable_path/Frameworks",
				);
				MARKETING_VERSION = 1.0;
				PRODUCT_BUNDLE_IDENTIFIER = TSUStepan.Calculator;
				PRODUCT_NAME = "$(TARGET_NAME)";
				SWIFT_EMIT_LOC_STRINGS = YES;
				SWIFT_VERSION = 5.0;
				TARGETED_DEVICE_FAMILY = "1,2";
			};
			name = Debug;
		};
		1EEE9D3C2805E4C4007CDF16 /* Release */ = {
			isa = XCBuildConfiguration;
			buildSettings = {
				ASSETCATALOG_COMPILER_APPICON_NAME = AppIcon;
				ASSETCATALOG_COMPILER_GLOBAL_ACCENT_COLOR_NAME = AccentColor;
				CODE_SIGN_STYLE = Automatic;
				CURRENT_PROJECT_VERSION = 1;
				DEVELOPMENT_ASSET_PATHS = "\"Calculator/Preview Content\"";
				DEVELOPMENT_TEAM = 2DK6UP5TR4;
				ENABLE_PREVIEWS = YES;
				GENERATE_INFOPLIST_FILE = YES;
				INFOPLIST_FILE = Calculator/Info.plist;
				INFOPLIST_KEY_UIApplicationSceneManifest_Generation = YES;
				INFOPLIST_KEY_UIApplicationSupportsIndirectInputEvents = YES;
				INFOPLIST_KEY_UILaunchScreen_Generation = YES;
				INFOPLIST_KEY_UISupportedInterfaceOrientations_iPad = "UIInterfaceOrientationPortrait UIInterfaceOrientationPortraitUpsideDown UIInterfaceOrientationLandscapeLeft UIInterfaceOrientationLandscapeRight";
				INFOPLIST_KEY_UISupportedInterfaceOrientations_iPhone = "UIInterfaceOrientationPortrait UIInterfaceOrientationLandscapeLeft UIInterfaceOrientationLandscapeRight";
				LD_RUNPATH_SEARCH_PATHS = (
					"$(inherited)",
					"@executable_path/Frameworks",
				);
				MARKETING_VERSION = 1.0;
				PRODUCT_BUNDLE_IDENTIFIER = TSUStepan.Calculator;
				PRODUCT_NAME = "$(TARGET_NAME)";
				SWIFT_EMIT_LOC_STRINGS = YES;
				SWIFT_VERSION = 5.0;
				TARGETED_DEVICE_FAMILY = "1,2";
			};
			name = Release;
		};
		1EEE9D3E2805E4C4007CDF16 /* Debug */ = {
			isa = XCBuildConfiguration;
			buildSettings = {
				ALWAYS_EMBED_SWIFT_STANDARD_LIBRARIES = YES;
				BUNDLE_LOADER = "$(TEST_HOST)";
				CODE_SIGN_STYLE = Automatic;
				CURRENT_PROJECT_VERSION = 1;
				DEVELOPMENT_TEAM = 2DK6UP5TR4;
				GENERATE_INFOPLIST_FILE = YES;
				IPHONEOS_DEPLOYMENT_TARGET = 15.4;
				MARKETING_VERSION = 1.0;
				PRODUCT_BUNDLE_IDENTIFIER = TSUStepan.CalculatorTests;
				PRODUCT_NAME = "$(TARGET_NAME)";
				SWIFT_EMIT_LOC_STRINGS = NO;
				SWIFT_VERSION = 5.0;
				TARGETED_DEVICE_FAMILY = "1,2";
				TEST_HOST = "$(BUILT_PRODUCTS_DIR)/Calculator.app/Calculator";
			};
			name = Debug;
		};
		1EEE9D3F2805E4C4007CDF16 /* Release */ = {
			isa = XCBuildConfiguration;
			buildSettings = {
				ALWAYS_EMBED_SWIFT_STANDARD_LIBRARIES = YES;
				BUNDLE_LOADER = "$(TEST_HOST)";
				CODE_SIGN_STYLE = Automatic;
				CURRENT_PROJECT_VERSION = 1;
				DEVELOPMENT_TEAM = 2DK6UP5TR4;
				GENERATE_INFOPLIST_FILE = YES;
				IPHONEOS_DEPLOYMENT_TARGET = 15.4;
				MARKETING_VERSION = 1.0;
				PRODUCT_BUNDLE_IDENTIFIER = TSUStepan.CalculatorTests;
				PRODUCT_NAME = "$(TARGET_NAME)";
				SWIFT_EMIT_LOC_STRINGS = NO;
				SWIFT_VERSION = 5.0;
				TARGETED_DEVICE_FAMILY = "1,2";
				TEST_HOST = "$(BUILT_PRODUCTS_DIR)/Calculator.app/Calculator";
			};
			name = Release;
		};
		1EEE9D412805E4C4007CDF16 /* Debug */ = {
			isa = XCBuildConfiguration;
			buildSettings = {
				ALWAYS_EMBED_SWIFT_STANDARD_LIBRARIES = YES;
				CODE_SIGN_STYLE = Automatic;
				CURRENT_PROJECT_VERSION = 1;
				DEVELOPMENT_TEAM = 2DK6UP5TR4;
				GENERATE_INFOPLIST_FILE = YES;
				MARKETING_VERSION = 1.0;
				PRODUCT_BUNDLE_IDENTIFIER = TSUStepan.CalculatorUITests;
				PRODUCT_NAME = "$(TARGET_NAME)";
				SWIFT_EMIT_LOC_STRINGS = NO;
				SWIFT_VERSION = 5.0;
				TARGETED_DEVICE_FAMILY = "1,2";
				TEST_TARGET_NAME = Calculator;
			};
			name = Debug;
		};
		1EEE9D422805E4C4007CDF16 /* Release */ = {
			isa = XCBuildConfiguration;
			buildSettings = {
				ALWAYS_EMBED_SWIFT_STANDARD_LIBRARIES = YES;
				CODE_SIGN_STYLE = Automatic;
				CURRENT_PROJECT_VERSION = 1;
				DEVELOPMENT_TEAM = 2DK6UP5TR4;
				GENERATE_INFOPLIST_FILE = YES;
				MARKETING_VERSION = 1.0;
				PRODUCT_BUNDLE_IDENTIFIER = TSUStepan.CalculatorUITests;
				PRODUCT_NAME = "$(TARGET_NAME)";
				SWIFT_EMIT_LOC_STRINGS = NO;
				SWIFT_VERSION = 5.0;
				TARGETED_DEVICE_FAMILY = "1,2";
				TEST_TARGET_NAME = Calculator;
			};
			name = Release;
		};
/* End XCBuildConfiguration section */

/* Begin XCConfigurationList section */
		1EEE9D112805E4C1007CDF16 /* Build configuration list for PBXProject "Calculator" */ = {
			isa = XCConfigurationList;
			buildConfigurations = (
				1EEE9D382805E4C4007CDF16 /* Debug */,
				1EEE9D392805E4C4007CDF16 /* Release */,
			);
			defaultConfigurationIsVisible = 0;
			defaultConfigurationName = Release;
		};
		1EEE9D3A2805E4C4007CDF16 /* Build configuration list for PBXNativeTarget "Calculator" */ = {
			isa = XCConfigurationList;
			buildConfigurations = (
				1EEE9D3B2805E4C4007CDF16 /* Debug */,
				1EEE9D3C2805E4C4007CDF16 /* Release */,
			);
			defaultConfigurationIsVisible = 0;
			defaultConfigurationName = Release;
		};
		1EEE9D3D2805E4C4007CDF16 /* Build configuration list for PBXNativeTarget "CalculatorTests" */ = {
			isa = XCConfigurationList;
			buildConfigurations = (
				1EEE9D3E2805E4C4007CDF16 /* Debug */,
				1EEE9D3F2805E4C4007CDF16 /* Release */,
			);
			defaultConfigurationIsVisible = 0;
			defaultConfigurationName = Release;
		};
		1EEE9D402805E4C4007CDF16 /* Build configuration list for PBXNativeTarget "CalculatorUITests" */ = {
			isa = XCConfigurationList;
			buildConfigurations = (
				1EEE9D412805E4C4007CDF16 /* Debug */,
				1EEE9D422805E4C4007CDF16 /* Release */,
			);
			defaultConfigurationIsVisible = 0;
			defaultConfigurationName = Release;
		};
/* End XCConfigurationList section */
	};
	rootObject = 1EEE9D0E2805E4C1007CDF16 /* Project object */;
}
